
Microsoft Visual Studio Solution File, Format Version 12.00
# Visual Studio Version 17
VisualStudioVersion = 17.7.34221.43
MinimumVisualStudioVersion = 10.0.40219.1
Project("{FAE04EC0-301F-11D3-BF4B-00C04F79EFBC}") = "UITestVendingMachine", "UITestVendingMachine\UITestVendingMachine.csproj", "{4D607A98-3931-43A9-A927-42FED945D348}"
EndProject
Global
	GlobalSection(SolutionConfigurationPlatforms) = preSolution
		Debug|Any CPU = Debug|Any CPU
		Release|Any CPU = Release|Any CPU
	EndGlobalSection
	GlobalSection(ProjectConfigurationPlatforms) = postSolution
		{4D607A98-3931-43A9-A927-42FED945D348}.Debug|Any CPU.ActiveCfg = Debug|Any CPU
		{4D607A98-3931-43A9-A927-42FED945D348}.Debug|Any CPU.Build.0 = Debug|Any CPU
		{4D607A98-3931-43A9-A927-42FED945D348}.Release|Any CPU.ActiveCfg = Release|Any CPU
		{4D607A98-3931-43A9-A927-42FED945D348}.Release|Any CPU.Build.0 = Release|Any CPU
	EndGlobalSection
	GlobalSection(SolutionProperties) = preSolution
		HideSolutionNode = FALSE
	EndGlobalSection
	GlobalSection(ExtensibilityGlobals) = postSolution
		SolutionGuid = {83419C5E-4A75-4DEF-831F-E2BF56B57272}
	EndGlobalSection
EndGlobal
